// !$*UTF8*$!
{
	archiveVersion = 1;
	classes = {
	};
	objectVersion = 46;
	objects = {

/* Begin PBXBuildFile section */
		DB0C27C218DABDCE00F3E787 /* DailyForecastViewController.m in Sources */ = {isa = PBXBuildFile; fileRef = DB0C27B918DABDCE00F3E787 /* DailyForecastViewController.m */; };
		DB0C27C318DABDCE00F3E787 /* DetailForecastViewController.m in Sources */ = {isa = PBXBuildFile; fileRef = DB0C27BB18DABDCE00F3E787 /* DetailForecastViewController.m */; };
		DB0C27C418DABDCE00F3E787 /* FoundCitiesViewController.m in Sources */ = {isa = PBXBuildFile; fileRef = DB0C27BD18DABDCE00F3E787 /* FoundCitiesViewController.m */; };
		DB0C27C518DABDCE00F3E787 /* MapViewController.m in Sources */ = {isa = PBXBuildFile; fileRef = DB0C27BF18DABDCE00F3E787 /* MapViewController.m */; };
		DB0C27CD18DABE0D00F3E787 /* CityDetailCell.m in Sources */ = {isa = PBXBuildFile; fileRef = DB0C27C818DABE0D00F3E787 /* CityDetailCell.m */; };
		DB0C27CE18DABE0D00F3E787 /* DailyDetailCell.m in Sources */ = {isa = PBXBuildFile; fileRef = DB0C27CA18DABE0D00F3E787 /* DailyDetailCell.m */; };
		DB0C27CF18DABE0D00F3E787 /* DetailForecastView.m in Sources */ = {isa = PBXBuildFile; fileRef = DB0C27CC18DABE0D00F3E787 /* DetailForecastView.m */; };
		DB0C27D318DABF3900F3E787 /* city_list.txt in Resources */ = {isa = PBXBuildFile; fileRef = DB0C27D118DABF3900F3E787 /* city_list.txt */; };
		DB0C27D418DABF3900F3E787 /* windDirection.png in Resources */ = {isa = PBXBuildFile; fileRef = DB0C27D218DABF3900F3E787 /* windDirection.png */; };
		DB0C27D818DAC97C00F3E787 /* MasterViewController.m in Sources */ = {isa = PBXBuildFile; fileRef = DB0C27D718DAC97C00F3E787 /* MasterViewController.m */; };
		DB0C27DE18DACB0400F3E787 /* PersistencyManager.m in Sources */ = {isa = PBXBuildFile; fileRef = DB0C27DB18DACB0400F3E787 /* PersistencyManager.m */; };
		DB0C27DF18DACB0400F3E787 /* WeatherAPI.m in Sources */ = {isa = PBXBuildFile; fileRef = DB0C27DD18DACB0400F3E787 /* WeatherAPI.m */; };
		DB0C27E918DACB8500F3E787 /* UIImage+Rotation.m in Sources */ = {isa = PBXBuildFile; fileRef = DB0C27E818DACB8500F3E787 /* UIImage+Rotation.m */; };
		DB1EA20118D9946400B661FC /* DailyInfo.m in Sources */ = {isa = PBXBuildFile; fileRef = DB1EA20018D9946400B661FC /* DailyInfo.m */; };
		DB1EA20418D9955900B661FC /* DailyInfoBuilder.m in Sources */ = {isa = PBXBuildFile; fileRef = DB1EA20318D9955900B661FC /* DailyInfoBuilder.m */; };
		DB1EA21318DA225C00B661FC /* DetailForecastInfo.m in Sources */ = {isa = PBXBuildFile; fileRef = DB1EA21218DA225C00B661FC /* DetailForecastInfo.m */; };
		DB8B015818D75DE6008205C8 /* Foundation.framework in Frameworks */ = {isa = PBXBuildFile; fileRef = DB8B015718D75DE6008205C8 /* Foundation.framework */; };
		DB8B015A18D75DE6008205C8 /* CoreGraphics.framework in Frameworks */ = {isa = PBXBuildFile; fileRef = DB8B015918D75DE6008205C8 /* CoreGraphics.framework */; };
		DB8B015C18D75DE6008205C8 /* UIKit.framework in Frameworks */ = {isa = PBXBuildFile; fileRef = DB8B015B18D75DE6008205C8 /* UIKit.framework */; };
		DB8B016218D75DE6008205C8 /* InfoPlist.strings in Resources */ = {isa = PBXBuildFile; fileRef = DB8B016018D75DE6008205C8 /* InfoPlist.strings */; };
		DB8B016418D75DE6008205C8 /* main.m in Sources */ = {isa = PBXBuildFile; fileRef = DB8B016318D75DE6008205C8 /* main.m */; };
		DB8B016818D75DE6008205C8 /* AppDelegate.m in Sources */ = {isa = PBXBuildFile; fileRef = DB8B016718D75DE6008205C8 /* AppDelegate.m */; };
		DB8B016B18D75DE6008205C8 /* Main.storyboard in Resources */ = {isa = PBXBuildFile; fileRef = DB8B016918D75DE6008205C8 /* Main.storyboard */; };
		DB8B017018D75DE6008205C8 /* Images.xcassets in Resources */ = {isa = PBXBuildFile; fileRef = DB8B016F18D75DE6008205C8 /* Images.xcassets */; };
		DB8B017718D75DE6008205C8 /* XCTest.framework in Frameworks */ = {isa = PBXBuildFile; fileRef = DB8B017618D75DE6008205C8 /* XCTest.framework */; };
		DB8B017818D75DE6008205C8 /* Foundation.framework in Frameworks */ = {isa = PBXBuildFile; fileRef = DB8B015718D75DE6008205C8 /* Foundation.framework */; };
		DB8B017918D75DE6008205C8 /* UIKit.framework in Frameworks */ = {isa = PBXBuildFile; fileRef = DB8B015B18D75DE6008205C8 /* UIKit.framework */; };
		DB8B018118D75DE6008205C8 /* InfoPlist.strings in Resources */ = {isa = PBXBuildFile; fileRef = DB8B017F18D75DE6008205C8 /* InfoPlist.strings */; };
		DB8B018318D75DE6008205C8 /* ClearDayTests.m in Sources */ = {isa = PBXBuildFile; fileRef = DB8B018218D75DE6008205C8 /* ClearDayTests.m */; };
		DB8B01A818D777C2008205C8 /* MapKit.framework in Frameworks */ = {isa = PBXBuildFile; fileRef = DB8B01A718D777C2008205C8 /* MapKit.framework */; };
		DB8B020618D825B3008205C8 /* CoreLocation.framework in Frameworks */ = {isa = PBXBuildFile; fileRef = DB8B020518D825B3008205C8 /* CoreLocation.framework */; };
		DB8B021518D856FA008205C8 /* CityGroup.m in Sources */ = {isa = PBXBuildFile; fileRef = DB8B021418D856FA008205C8 /* CityGroup.m */; };
		DB8B021818D857D3008205C8 /* CityGroupBuilder.m in Sources */ = {isa = PBXBuildFile; fileRef = DB8B021718D857D3008205C8 /* CityGroupBuilder.m */; };
/* End PBXBuildFile section */

/* Begin PBXContainerItemProxy section */
		DB8B017A18D75DE6008205C8 /* PBXContainerItemProxy */ = {
			isa = PBXContainerItemProxy;
			containerPortal = DB8B014C18D75DE6008205C8 /* Project object */;
			proxyType = 1;
			remoteGlobalIDString = DB8B015318D75DE6008205C8;
			remoteInfo = ClearDay;
		};
/* End PBXContainerItemProxy section */

/* Begin PBXFileReference section */
		DB0C27B818DABDCE00F3E787 /* DailyForecastViewController.h */ = {isa = PBXFileReference; fileEncoding = 4; lastKnownFileType = sourcecode.c.h; path = DailyForecastViewController.h; sourceTree = "<group>"; };
		DB0C27B918DABDCE00F3E787 /* DailyForecastViewController.m */ = {isa = PBXFileReference; fileEncoding = 4; lastKnownFileType = sourcecode.c.objc; path = DailyForecastViewController.m; sourceTree = "<group>"; };
		DB0C27BA18DABDCE00F3E787 /* DetailForecastViewController.h */ = {isa = PBXFileReference; fileEncoding = 4; lastKnownFileType = sourcecode.c.h; path = DetailForecastViewController.h; sourceTree = "<group>"; };
		DB0C27BB18DABDCE00F3E787 /* DetailForecastViewController.m */ = {isa = PBXFileReference; fileEncoding = 4; lastKnownFileType = sourcecode.c.objc; path = DetailForecastViewController.m; sourceTree = "<group>"; };
		DB0C27BC18DABDCE00F3E787 /* FoundCitiesViewController.h */ = {isa = PBXFileReference; fileEncoding = 4; lastKnownFileType = sourcecode.c.h; path = FoundCitiesViewController.h; sourceTree = "<group>"; };
		DB0C27BD18DABDCE00F3E787 /* FoundCitiesViewController.m */ = {isa = PBXFileReference; fileEncoding = 4; lastKnownFileType = sourcecode.c.objc; path = FoundCitiesViewController.m; sourceTree = "<group>"; };
		DB0C27BE18DABDCE00F3E787 /* MapViewController.h */ = {isa = PBXFileReference; fileEncoding = 4; lastKnownFileType = sourcecode.c.h; path = MapViewController.h; sourceTree = "<group>"; };
		DB0C27BF18DABDCE00F3E787 /* MapViewController.m */ = {isa = PBXFileReference; fileEncoding = 4; lastKnownFileType = sourcecode.c.objc; path = MapViewController.m; sourceTree = "<group>"; };
		DB0C27C718DABE0D00F3E787 /* CityDetailCell.h */ = {isa = PBXFileReference; fileEncoding = 4; lastKnownFileType = sourcecode.c.h; path = CityDetailCell.h; sourceTree = "<group>"; };
		DB0C27C818DABE0D00F3E787 /* CityDetailCell.m */ = {isa = PBXFileReference; fileEncoding = 4; lastKnownFileType = sourcecode.c.objc; path = CityDetailCell.m; sourceTree = "<group>"; };
		DB0C27C918DABE0D00F3E787 /* DailyDetailCell.h */ = {isa = PBXFileReference; fileEncoding = 4; lastKnownFileType = sourcecode.c.h; path = DailyDetailCell.h; sourceTree = "<group>"; };
		DB0C27CA18DABE0D00F3E787 /* DailyDetailCell.m */ = {isa = PBXFileReference; fileEncoding = 4; lastKnownFileType = sourcecode.c.objc; path = DailyDetailCell.m; sourceTree = "<group>"; };
		DB0C27CB18DABE0D00F3E787 /* DetailForecastView.h */ = {isa = PBXFileReference; fileEncoding = 4; lastKnownFileType = sourcecode.c.h; path = DetailForecastView.h; sourceTree = "<group>"; };
		DB0C27CC18DABE0D00F3E787 /* DetailForecastView.m */ = {isa = PBXFileReference; fileEncoding = 4; lastKnownFileType = sourcecode.c.objc; path = DetailForecastView.m; sourceTree = "<group>"; };
		DB0C27D118DABF3900F3E787 /* city_list.txt */ = {isa = PBXFileReference; fileEncoding = 4; lastKnownFileType = text; path = city_list.txt; sourceTree = "<group>"; };
		DB0C27D218DABF3900F3E787 /* windDirection.png */ = {isa = PBXFileReference; lastKnownFileType = image.png; path = windDirection.png; sourceTree = "<group>"; };
		DB0C27D618DAC97C00F3E787 /* MasterViewController.h */ = {isa = PBXFileReference; fileEncoding = 4; lastKnownFileType = sourcecode.c.h; path = MasterViewController.h; sourceTree = "<group>"; };
		DB0C27D718DAC97C00F3E787 /* MasterViewController.m */ = {isa = PBXFileReference; fileEncoding = 4; lastKnownFileType = sourcecode.c.objc; path = MasterViewController.m; sourceTree = "<group>"; };
		DB0C27DA18DACB0400F3E787 /* PersistencyManager.h */ = {isa = PBXFileReference; fileEncoding = 4; lastKnownFileType = sourcecode.c.h; path = PersistencyManager.h; sourceTree = "<group>"; };
		DB0C27DB18DACB0400F3E787 /* PersistencyManager.m */ = {isa = PBXFileReference; fileEncoding = 4; lastKnownFileType = sourcecode.c.objc; path = PersistencyManager.m; sourceTree = "<group>"; };
		DB0C27DC18DACB0400F3E787 /* WeatherAPI.h */ = {isa = PBXFileReference; fileEncoding = 4; lastKnownFileType = sourcecode.c.h; path = WeatherAPI.h; sourceTree = "<group>"; };
		DB0C27DD18DACB0400F3E787 /* WeatherAPI.m */ = {isa = PBXFileReference; fileEncoding = 4; lastKnownFileType = sourcecode.c.objc; path = WeatherAPI.m; sourceTree = "<group>"; };
		DB0C27E618DACB8500F3E787 /* Constants.h */ = {isa = PBXFileReference; fileEncoding = 4; lastKnownFileType = sourcecode.c.h; path = Constants.h; sourceTree = "<group>"; };
		DB0C27E718DACB8500F3E787 /* UIImage+Rotation.h */ = {isa = PBXFileReference; fileEncoding = 4; lastKnownFileType = sourcecode.c.h; path = "UIImage+Rotation.h"; sourceTree = "<group>"; };
		DB0C27E818DACB8500F3E787 /* UIImage+Rotation.m */ = {isa = PBXFileReference; fileEncoding = 4; lastKnownFileType = sourcecode.c.objc; path = "UIImage+Rotation.m"; sourceTree = "<group>"; };
		DB1EA1FF18D9946400B661FC /* DailyInfo.h */ = {isa = PBXFileReference; fileEncoding = 4; lastKnownFileType = sourcecode.c.h; path = DailyInfo.h; sourceTree = "<group>"; };
		DB1EA20018D9946400B661FC /* DailyInfo.m */ = {isa = PBXFileReference; fileEncoding = 4; lastKnownFileType = sourcecode.c.objc; path = DailyInfo.m; sourceTree = "<group>"; };
		DB1EA20218D9955900B661FC /* DailyInfoBuilder.h */ = {isa = PBXFileReference; fileEncoding = 4; lastKnownFileType = sourcecode.c.h; path = DailyInfoBuilder.h; sourceTree = "<group>"; };
		DB1EA20318D9955900B661FC /* DailyInfoBuilder.m */ = {isa = PBXFileReference; fileEncoding = 4; lastKnownFileType = sourcecode.c.objc; path = DailyInfoBuilder.m; sourceTree = "<group>"; };
		DB1EA21118DA225C00B661FC /* DetailForecastInfo.h */ = {isa = PBXFileReference; fileEncoding = 4; lastKnownFileType = sourcecode.c.h; path = DetailForecastInfo.h; sourceTree = "<group>"; };
		DB1EA21218DA225C00B661FC /* DetailForecastInfo.m */ = {isa = PBXFileReference; fileEncoding = 4; lastKnownFileType = sourcecode.c.objc; path = DetailForecastInfo.m; sourceTree = "<group>"; };
		DB8B015418D75DE6008205C8 /* ClearDay.app */ = {isa = PBXFileReference; explicitFileType = wrapper.application; includeInIndex = 0; path = ClearDay.app; sourceTree = BUILT_PRODUCTS_DIR; };
		DB8B015718D75DE6008205C8 /* Foundation.framework */ = {isa = PBXFileReference; lastKnownFileType = wrapper.framework; name = Foundation.framework; path = System/Library/Frameworks/Foundation.framework; sourceTree = SDKROOT; };
		DB8B015918D75DE6008205C8 /* CoreGraphics.framework */ = {isa = PBXFileReference; lastKnownFileType = wrapper.framework; name = CoreGraphics.framework; path = System/Library/Frameworks/CoreGraphics.framework; sourceTree = SDKROOT; };
		DB8B015B18D75DE6008205C8 /* UIKit.framework */ = {isa = PBXFileReference; lastKnownFileType = wrapper.framework; name = UIKit.framework; path = System/Library/Frameworks/UIKit.framework; sourceTree = SDKROOT; };
		DB8B015F18D75DE6008205C8 /* ClearDay-Info.plist */ = {isa = PBXFileReference; lastKnownFileType = text.plist.xml; path = "ClearDay-Info.plist"; sourceTree = "<group>"; };
		DB8B016118D75DE6008205C8 /* en */ = {isa = PBXFileReference; lastKnownFileType = text.plist.strings; name = en; path = en.lproj/InfoPlist.strings; sourceTree = "<group>"; };
		DB8B016318D75DE6008205C8 /* main.m */ = {isa = PBXFileReference; lastKnownFileType = sourcecode.c.objc; path = main.m; sourceTree = "<group>"; };
		DB8B016518D75DE6008205C8 /* ClearDay-Prefix.pch */ = {isa = PBXFileReference; lastKnownFileType = sourcecode.c.h; path = "ClearDay-Prefix.pch"; sourceTree = "<group>"; };
		DB8B016618D75DE6008205C8 /* AppDelegate.h */ = {isa = PBXFileReference; lastKnownFileType = sourcecode.c.h; path = AppDelegate.h; sourceTree = "<group>"; };
		DB8B016718D75DE6008205C8 /* AppDelegate.m */ = {isa = PBXFileReference; lastKnownFileType = sourcecode.c.objc; path = AppDelegate.m; sourceTree = "<group>"; };
		DB8B016A18D75DE6008205C8 /* Base */ = {isa = PBXFileReference; lastKnownFileType = file.storyboard; name = Base; path = Base.lproj/Main.storyboard; sourceTree = "<group>"; };
		DB8B016F18D75DE6008205C8 /* Images.xcassets */ = {isa = PBXFileReference; lastKnownFileType = folder.assetcatalog; path = Images.xcassets; sourceTree = "<group>"; };
		DB8B017518D75DE6008205C8 /* ClearDayTests.xctest */ = {isa = PBXFileReference; explicitFileType = wrapper.cfbundle; includeInIndex = 0; path = ClearDayTests.xctest; sourceTree = BUILT_PRODUCTS_DIR; };
		DB8B017618D75DE6008205C8 /* XCTest.framework */ = {isa = PBXFileReference; lastKnownFileType = wrapper.framework; name = XCTest.framework; path = Library/Frameworks/XCTest.framework; sourceTree = DEVELOPER_DIR; };
		DB8B017E18D75DE6008205C8 /* ClearDayTests-Info.plist */ = {isa = PBXFileReference; lastKnownFileType = text.plist.xml; path = "ClearDayTests-Info.plist"; sourceTree = "<group>"; };
		DB8B018018D75DE6008205C8 /* en */ = {isa = PBXFileReference; lastKnownFileType = text.plist.strings; name = en; path = en.lproj/InfoPlist.strings; sourceTree = "<group>"; };
		DB8B018218D75DE6008205C8 /* ClearDayTests.m */ = {isa = PBXFileReference; lastKnownFileType = sourcecode.c.objc; path = ClearDayTests.m; sourceTree = "<group>"; };
		DB8B01A718D777C2008205C8 /* MapKit.framework */ = {isa = PBXFileReference; lastKnownFileType = wrapper.framework; name = MapKit.framework; path = System/Library/Frameworks/MapKit.framework; sourceTree = SDKROOT; };
		DB8B020518D825B3008205C8 /* CoreLocation.framework */ = {isa = PBXFileReference; lastKnownFileType = wrapper.framework; name = CoreLocation.framework; path = System/Library/Frameworks/CoreLocation.framework; sourceTree = SDKROOT; };
		DB8B021318D856FA008205C8 /* CityGroup.h */ = {isa = PBXFileReference; fileEncoding = 4; lastKnownFileType = sourcecode.c.h; path = CityGroup.h; sourceTree = "<group>"; };
		DB8B021418D856FA008205C8 /* CityGroup.m */ = {isa = PBXFileReference; fileEncoding = 4; lastKnownFileType = sourcecode.c.objc; path = CityGroup.m; sourceTree = "<group>"; };
		DB8B021618D857D3008205C8 /* CityGroupBuilder.h */ = {isa = PBXFileReference; fileEncoding = 4; lastKnownFileType = sourcecode.c.h; path = CityGroupBuilder.h; sourceTree = "<group>"; };
		DB8B021718D857D3008205C8 /* CityGroupBuilder.m */ = {isa = PBXFileReference; fileEncoding = 4; lastKnownFileType = sourcecode.c.objc; path = CityGroupBuilder.m; sourceTree = "<group>"; };
/* End PBXFileReference section */

/* Begin PBXFrameworksBuildPhase section */
		DB8B015118D75DE6008205C8 /* Frameworks */ = {
			isa = PBXFrameworksBuildPhase;
			buildActionMask = 2147483647;
			files = (
				DB8B020618D825B3008205C8 /* CoreLocation.framework in Frameworks */,
				DB8B01A818D777C2008205C8 /* MapKit.framework in Frameworks */,
				DB8B015A18D75DE6008205C8 /* CoreGraphics.framework in Frameworks */,
				DB8B015C18D75DE6008205C8 /* UIKit.framework in Frameworks */,
				DB8B015818D75DE6008205C8 /* Foundation.framework in Frameworks */,
			);
			runOnlyForDeploymentPostprocessing = 0;
		};
		DB8B017218D75DE6008205C8 /* Frameworks */ = {
			isa = PBXFrameworksBuildPhase;
			buildActionMask = 2147483647;
			files = (
				DB8B017718D75DE6008205C8 /* XCTest.framework in Frameworks */,
				DB8B017918D75DE6008205C8 /* UIKit.framework in Frameworks */,
				DB8B017818D75DE6008205C8 /* Foundation.framework in Frameworks */,
			);
			runOnlyForDeploymentPostprocessing = 0;
		};
/* End PBXFrameworksBuildPhase section */

/* Begin PBXGroup section */
		DB0C27B718DABCD700F3E787 /* Controller */ = {
			isa = PBXGroup;
			children = (
				DB0C27D618DAC97C00F3E787 /* MasterViewController.h */,
				DB0C27D718DAC97C00F3E787 /* MasterViewController.m */,
				DB0C27BC18DABDCE00F3E787 /* FoundCitiesViewController.h */,
				DB0C27BD18DABDCE00F3E787 /* FoundCitiesViewController.m */,
				DB0C27BE18DABDCE00F3E787 /* MapViewController.h */,
				DB0C27BF18DABDCE00F3E787 /* MapViewController.m */,
				DB0C27B818DABDCE00F3E787 /* DailyForecastViewController.h */,
				DB0C27B918DABDCE00F3E787 /* DailyForecastViewController.m */,
				DB0C27BA18DABDCE00F3E787 /* DetailForecastViewController.h */,
				DB0C27BB18DABDCE00F3E787 /* DetailForecastViewController.m */,
			);
			path = Controller;
			sourceTree = "<group>";
		};
		DB0C27D018DABF3000F3E787 /* Resources */ = {
			isa = PBXGroup;
			children = (
				DB0C27D118DABF3900F3E787 /* city_list.txt */,
				DB0C27D218DABF3900F3E787 /* windDirection.png */,
			);
			path = Resources;
			sourceTree = "<group>";
		};
		DB0C27D918DACAF500F3E787 /* API */ = {
			isa = PBXGroup;
			children = (
				DB0C27DC18DACB0400F3E787 /* WeatherAPI.h */,
				DB0C27DD18DACB0400F3E787 /* WeatherAPI.m */,
				DB0C27DA18DACB0400F3E787 /* PersistencyManager.h */,
				DB0C27DB18DACB0400F3E787 /* PersistencyManager.m */,
			);
			path = API;
			sourceTree = "<group>";
		};
		DB0C27E518DACB8500F3E787 /* Other */ = {
			isa = PBXGroup;
			children = (
				DB0C27E618DACB8500F3E787 /* Constants.h */,
				DB0C27E718DACB8500F3E787 /* UIImage+Rotation.h */,
				DB0C27E818DACB8500F3E787 /* UIImage+Rotation.m */,
			);
			path = Other;
			sourceTree = "<group>";
		};
		DB8B014B18D75DE6008205C8 = {
			isa = PBXGroup;
			children = (
				DB8B015D18D75DE6008205C8 /* ClearDay */,
				DB8B017C18D75DE6008205C8 /* ClearDayTests */,
				DB8B015618D75DE6008205C8 /* Frameworks */,
				DB8B015518D75DE6008205C8 /* Products */,
			);
			sourceTree = "<group>";
		};
		DB8B015518D75DE6008205C8 /* Products */ = {
			isa = PBXGroup;
			children = (
				DB8B015418D75DE6008205C8 /* ClearDay.app */,
				DB8B017518D75DE6008205C8 /* ClearDayTests.xctest */,
			);
			name = Products;
			sourceTree = "<group>";
		};
		DB8B015618D75DE6008205C8 /* Frameworks */ = {
			isa = PBXGroup;
			children = (
				DB8B020518D825B3008205C8 /* CoreLocation.framework */,
				DB8B01A718D777C2008205C8 /* MapKit.framework */,
				DB8B015718D75DE6008205C8 /* Foundation.framework */,
				DB8B015918D75DE6008205C8 /* CoreGraphics.framework */,
				DB8B015B18D75DE6008205C8 /* UIKit.framework */,
				DB8B017618D75DE6008205C8 /* XCTest.framework */,
			);
			name = Frameworks;
			sourceTree = "<group>";
		};
		DB8B015D18D75DE6008205C8 /* ClearDay */ = {
			isa = PBXGroup;
			children = (
				DB8B016618D75DE6008205C8 /* AppDelegate.h */,
				DB8B016718D75DE6008205C8 /* AppDelegate.m */,
				DB8B016918D75DE6008205C8 /* Main.storyboard */,
				DB8B019218D75E83008205C8 /* Classes */,
				DB0C27D018DABF3000F3E787 /* Resources */,
				DB8B016F18D75DE6008205C8 /* Images.xcassets */,
				DB8B015E18D75DE6008205C8 /* Supporting Files */,
			);
			path = ClearDay;
			sourceTree = "<group>";
		};
		DB8B015E18D75DE6008205C8 /* Supporting Files */ = {
			isa = PBXGroup;
			children = (
				DB8B015F18D75DE6008205C8 /* ClearDay-Info.plist */,
				DB8B016018D75DE6008205C8 /* InfoPlist.strings */,
				DB8B016318D75DE6008205C8 /* main.m */,
				DB8B016518D75DE6008205C8 /* ClearDay-Prefix.pch */,
			);
			name = "Supporting Files";
			sourceTree = "<group>";
		};
		DB8B017C18D75DE6008205C8 /* ClearDayTests */ = {
			isa = PBXGroup;
			children = (
				DB8B018218D75DE6008205C8 /* ClearDayTests.m */,
				DB8B017D18D75DE6008205C8 /* Supporting Files */,
			);
			path = ClearDayTests;
			sourceTree = "<group>";
		};
		DB8B017D18D75DE6008205C8 /* Supporting Files */ = {
			isa = PBXGroup;
			children = (
				DB8B017E18D75DE6008205C8 /* ClearDayTests-Info.plist */,
				DB8B017F18D75DE6008205C8 /* InfoPlist.strings */,
			);
			name = "Supporting Files";
			sourceTree = "<group>";
		};
		DB8B019218D75E83008205C8 /* Classes */ = {
			isa = PBXGroup;
			children = (
				DB0C27D918DACAF500F3E787 /* API */,
				DB8B019318D75E9A008205C8 /* Model */,
				DB8B019418D75EA5008205C8 /* View */,
				DB0C27B718DABCD700F3E787 /* Controller */,
				DB0C27E518DACB8500F3E787 /* Other */,
			);
			path = Classes;
			sourceTree = "<group>";
		};
		DB8B019318D75E9A008205C8 /* Model */ = {
			isa = PBXGroup;
			children = (
				DB8B021318D856FA008205C8 /* CityGroup.h */,
				DB8B021418D856FA008205C8 /* CityGroup.m */,
				DB8B021618D857D3008205C8 /* CityGroupBuilder.h */,
				DB8B021718D857D3008205C8 /* CityGroupBuilder.m */,
				DB1EA1FF18D9946400B661FC /* DailyInfo.h */,
				DB1EA20018D9946400B661FC /* DailyInfo.m */,
				DB1EA20218D9955900B661FC /* DailyInfoBuilder.h */,
				DB1EA20318D9955900B661FC /* DailyInfoBuilder.m */,
				DB1EA21118DA225C00B661FC /* DetailForecastInfo.h */,
				DB1EA21218DA225C00B661FC /* DetailForecastInfo.m */,
			);
			path = Model;
			sourceTree = "<group>";
		};
		DB8B019418D75EA5008205C8 /* View */ = {
			isa = PBXGroup;
			children = (
				DB0C27C718DABE0D00F3E787 /* CityDetailCell.h */,
				DB0C27C818DABE0D00F3E787 /* CityDetailCell.m */,
				DB0C27C918DABE0D00F3E787 /* DailyDetailCell.h */,
				DB0C27CA18DABE0D00F3E787 /* DailyDetailCell.m */,
				DB0C27CB18DABE0D00F3E787 /* DetailForecastView.h */,
				DB0C27CC18DABE0D00F3E787 /* DetailForecastView.m */,
			);
			path = View;
			sourceTree = "<group>";
		};
/* End PBXGroup section */

/* Begin PBXNativeTarget section */
		DB8B015318D75DE6008205C8 /* ClearDay */ = {
			isa = PBXNativeTarget;
			buildConfigurationList = DB8B018618D75DE6008205C8 /* Build configuration list for PBXNativeTarget "ClearDay" */;
			buildPhases = (
				DB8B015018D75DE6008205C8 /* Sources */,
				DB8B015118D75DE6008205C8 /* Frameworks */,
				DB8B015218D75DE6008205C8 /* Resources */,
			);
			buildRules = (
			);
			dependencies = (
			);
			name = ClearDay;
			productName = ClearDay;
			productReference = DB8B015418D75DE6008205C8 /* ClearDay.app */;
			productType = "com.apple.product-type.application";
		};
		DB8B017418D75DE6008205C8 /* ClearDayTests */ = {
			isa = PBXNativeTarget;
			buildConfigurationList = DB8B018918D75DE6008205C8 /* Build configuration list for PBXNativeTarget "ClearDayTests" */;
			buildPhases = (
				DB8B017118D75DE6008205C8 /* Sources */,
				DB8B017218D75DE6008205C8 /* Frameworks */,
				DB8B017318D75DE6008205C8 /* Resources */,
			);
			buildRules = (
			);
			dependencies = (
				DB8B017B18D75DE6008205C8 /* PBXTargetDependency */,
			);
			name = ClearDayTests;
			productName = ClearDayTests;
			productReference = DB8B017518D75DE6008205C8 /* ClearDayTests.xctest */;
			productType = "com.apple.product-type.bundle.unit-test";
		};
/* End PBXNativeTarget section */

/* Begin PBXProject section */
		DB8B014C18D75DE6008205C8 /* Project object */ = {
			isa = PBXProject;
			attributes = {
				LastUpgradeCheck = 0510;
				ORGANIZATIONNAME = "Stas Baranovskiy";
				TargetAttributes = {
					DB8B017418D75DE6008205C8 = {
						TestTargetID = DB8B015318D75DE6008205C8;
					};
				};
			};
			buildConfigurationList = DB8B014F18D75DE6008205C8 /* Build configuration list for PBXProject "ClearDay" */;
			compatibilityVersion = "Xcode 3.2";
			developmentRegion = English;
			hasScannedForEncodings = 0;
			knownRegions = (
				en,
				Base,
			);
			mainGroup = DB8B014B18D75DE6008205C8;
			productRefGroup = DB8B015518D75DE6008205C8 /* Products */;
			projectDirPath = "";
			projectRoot = "";
			targets = (
				DB8B015318D75DE6008205C8 /* ClearDay */,
				DB8B017418D75DE6008205C8 /* ClearDayTests */,
			);
		};
/* End PBXProject section */

/* Begin PBXResourcesBuildPhase section */
		DB8B015218D75DE6008205C8 /* Resources */ = {
			isa = PBXResourcesBuildPhase;
			buildActionMask = 2147483647;
			files = (
				DB8B017018D75DE6008205C8 /* Images.xcassets in Resources */,
				DB8B016218D75DE6008205C8 /* InfoPlist.strings in Resources */,
				DB0C27D418DABF3900F3E787 /* windDirection.png in Resources */,
				DB8B016B18D75DE6008205C8 /* Main.storyboard in Resources */,
				DB0C27D318DABF3900F3E787 /* city_list.txt in Resources */,
			);
			runOnlyForDeploymentPostprocessing = 0;
		};
		DB8B017318D75DE6008205C8 /* Resources */ = {
			isa = PBXResourcesBuildPhase;
			buildActionMask = 2147483647;
			files = (
				DB8B018118D75DE6008205C8 /* InfoPlist.strings in Resources */,
			);
			runOnlyForDeploymentPostprocessing = 0;
		};
/* End PBXResourcesBuildPhase section */

/* Begin PBXSourcesBuildPhase section */
		DB8B015018D75DE6008205C8 /* Sources */ = {
			isa = PBXSourcesBuildPhase;
			buildActionMask = 2147483647;
			files = (
				DB8B016818D75DE6008205C8 /* AppDelegate.m in Sources */,
				DB8B021818D857D3008205C8 /* CityGroupBuilder.m in Sources */,
				DB1EA20418D9955900B661FC /* DailyInfoBuilder.m in Sources */,
				DB0C27DF18DACB0400F3E787 /* WeatherAPI.m in Sources */,
				DB8B021518D856FA008205C8 /* CityGroup.m in Sources */,
				DB0C27DE18DACB0400F3E787 /* PersistencyManager.m in Sources */,
				DB0C27C418DABDCE00F3E787 /* FoundCitiesViewController.m in Sources */,
				DB0C27C218DABDCE00F3E787 /* DailyForecastViewController.m in Sources */,
				DB0C27CF18DABE0D00F3E787 /* DetailForecastView.m in Sources */,
				DB0C27CE18DABE0D00F3E787 /* DailyDetailCell.m in Sources */,
				DB8B016418D75DE6008205C8 /* main.m in Sources */,
				DB0C27CD18DABE0D00F3E787 /* CityDetailCell.m in Sources */,
				DB1EA20118D9946400B661FC /* DailyInfo.m in Sources */,
				DB0C27E918DACB8500F3E787 /* UIImage+Rotation.m in Sources */,
				DB0C27C318DABDCE00F3E787 /* DetailForecastViewController.m in Sources */,
				DB1EA21318DA225C00B661FC /* DetailForecastInfo.m in Sources */,
				DB0C27C518DABDCE00F3E787 /* MapViewController.m in Sources */,
				DB0C27D818DAC97C00F3E787 /* MasterViewController.m in Sources */,
			);
			runOnlyForDeploymentPostprocessing = 0;
		};
		DB8B017118D75DE6008205C8 /* Sources */ = {
			isa = PBXSourcesBuildPhase;
			buildActionMask = 2147483647;
			files = (
				DB8B018318D75DE6008205C8 /* ClearDayTests.m in Sources */,
			);
			runOnlyForDeploymentPostprocessing = 0;
		};
/* End PBXSourcesBuildPhase section */

/* Begin PBXTargetDependency section */
		DB8B017B18D75DE6008205C8 /* PBXTargetDependency */ = {
			isa = PBXTargetDependency;
			target = DB8B015318D75DE6008205C8 /* ClearDay */;
			targetProxy = DB8B017A18D75DE6008205C8 /* PBXContainerItemProxy */;
		};
/* End PBXTargetDependency section */

/* Begin PBXVariantGroup section */
		DB8B016018D75DE6008205C8 /* InfoPlist.strings */ = {
			isa = PBXVariantGroup;
			children = (
				DB8B016118D75DE6008205C8 /* en */,
			);
			name = InfoPlist.strings;
			sourceTree = "<group>";
		};
		DB8B016918D75DE6008205C8 /* Main.storyboard */ = {
			isa = PBXVariantGroup;
			children = (
				DB8B016A18D75DE6008205C8 /* Base */,
			);
			name = Main.storyboard;
			sourceTree = "<group>";
		};
		DB8B017F18D75DE6008205C8 /* InfoPlist.strings */ = {
			isa = PBXVariantGroup;
			children = (
				DB8B018018D75DE6008205C8 /* en */,
			);
			name = InfoPlist.strings;
			sourceTree = "<group>";
		};
/* End PBXVariantGroup section */

/* Begin XCBuildConfiguration section */
		DB8B018418D75DE6008205C8 /* Debug */ = {
			isa = XCBuildConfiguration;
			buildSettings = {
				ALWAYS_SEARCH_USER_PATHS = NO;
				CLANG_CXX_LANGUAGE_STANDARD = "gnu++0x";
				CLANG_CXX_LIBRARY = "libc++";
				CLANG_ENABLE_MODULES = YES;
				CLANG_ENABLE_OBJC_ARC = YES;
				CLANG_WARN_BOOL_CONVERSION = YES;
				CLANG_WARN_CONSTANT_CONVERSION = YES;
				CLANG_WARN_DIRECT_OBJC_ISA_USAGE = YES_ERROR;
				CLANG_WARN_EMPTY_BODY = YES;
				CLANG_WARN_ENUM_CONVERSION = YES;
				CLANG_WARN_INT_CONVERSION = YES;
				CLANG_WARN_OBJC_ROOT_CLASS = YES_ERROR;
				CLANG_WARN__DUPLICATE_METHOD_MATCH = YES;
				"CODE_SIGN_IDENTITY[sdk=iphoneos*]" = "iPhone Developer";
				COPY_PHASE_STRIP = NO;
				GCC_C_LANGUAGE_STANDARD = gnu99;
				GCC_DYNAMIC_NO_PIC = NO;
				GCC_OPTIMIZATION_LEVEL = 0;
				GCC_PREPROCESSOR_DEFINITIONS = (
					"DEBUG=1",
					"$(inherited)",
				);
				GCC_SYMBOLS_PRIVATE_EXTERN = NO;
				GCC_WARN_64_TO_32_BIT_CONVERSION = YES;
				GCC_WARN_ABOUT_RETURN_TYPE = YES_ERROR;
				GCC_WARN_UNDECLARED_SELECTOR = YES;
				GCC_WARN_UNINITIALIZED_AUTOS = YES_AGGRESSIVE;
				GCC_WARN_UNUSED_FUNCTION = YES;
				GCC_WARN_UNUSED_VARIABLE = YES;
				IPHONEOS_DEPLOYMENT_TARGET = 7.1;
				ONLY_ACTIVE_ARCH = YES;
				SDKROOT = iphoneos;
			};
			name = Debug;
		};
		DB8B018518D75DE6008205C8 /* Release */ = {
			isa = XCBuildConfiguration;
			buildSettings = {
				ALWAYS_SEARCH_USER_PATHS = NO;
				CLANG_CXX_LANGUAGE_STANDARD = "gnu++0x";
				CLANG_CXX_LIBRARY = "libc++";
				CLANG_ENABLE_MODULES = YES;
				CLANG_ENABLE_OBJC_ARC = YES;
				CLANG_WARN_BOOL_CONVERSION = YES;
				CLANG_WARN_CONSTANT_CONVERSION = YES;
				CLANG_WARN_DIRECT_OBJC_ISA_USAGE = YES_ERROR;
				CLANG_WARN_EMPTY_BODY = YES;
				CLANG_WARN_ENUM_CONVERSION = YES;
				CLANG_WARN_INT_CONVERSION = YES;
				CLANG_WARN_OBJC_ROOT_CLASS = YES_ERROR;
				CLANG_WARN__DUPLICATE_METHOD_MATCH = YES;
				"CODE_SIGN_IDENTITY[sdk=iphoneos*]" = "iPhone Developer";
				COPY_PHASE_STRIP = YES;
				ENABLE_NS_ASSERTIONS = NO;
				GCC_C_LANGUAGE_STANDARD = gnu99;
				GCC_WARN_64_TO_32_BIT_CONVERSION = YES;
				GCC_WARN_ABOUT_RETURN_TYPE = YES_ERROR;
				GCC_WARN_UNDECLARED_SELECTOR = YES;
				GCC_WARN_UNINITIALIZED_AUTOS = YES_AGGRESSIVE;
				GCC_WARN_UNUSED_FUNCTION = YES;
				GCC_WARN_UNUSED_VARIABLE = YES;
				IPHONEOS_DEPLOYMENT_TARGET = 7.1;
				SDKROOT = iphoneos;
				VALIDATE_PRODUCT = YES;
			};
			name = Release;
		};
		DB8B018718D75DE6008205C8 /* Debug */ = {
			isa = XCBuildConfiguration;
			buildSettings = {
				ASSETCATALOG_COMPILER_APPICON_NAME = AppIcon;
				ASSETCATALOG_COMPILER_LAUNCHIMAGE_NAME = LaunchImage;
				CODE_SIGN_IDENTITY = "iPhone Developer";
				GCC_PRECOMPILE_PREFIX_HEADER = YES;
				GCC_PREFIX_HEADER = "ClearDay/ClearDay-Prefix.pch";
				INFOPLIST_FILE = "ClearDay/ClearDay-Info.plist";
				PRODUCT_NAME = "$(TARGET_NAME)";
				WRAPPER_EXTENSION = app;
			};
			name = Debug;
		};
		DB8B018818D75DE6008205C8 /* Release */ = {
			isa = XCBuildConfiguration;
			buildSettings = {
				ASSETCATALOG_COMPILER_APPICON_NAME = AppIcon;
				ASSETCATALOG_COMPILER_LAUNCHIMAGE_NAME = LaunchImage;
				CODE_SIGN_IDENTITY = "iPhone Developer";
				GCC_PRECOMPILE_PREFIX_HEADER = YES;
				GCC_PREFIX_HEADER = "ClearDay/ClearDay-Prefix.pch";
				INFOPLIST_FILE = "ClearDay/ClearDay-Info.plist";
				PRODUCT_NAME = "$(TARGET_NAME)";
				WRAPPER_EXTENSION = app;
			};
			name = Release;
		};
		DB8B018A18D75DE6008205C8 /* Debug */ = {
			isa = XCBuildConfiguration;
			buildSettings = {
				BUNDLE_LOADER = "$(BUILT_PRODUCTS_DIR)/ClearDay.app/ClearDay";
				FRAMEWORK_SEARCH_PATHS = (
					"$(SDKROOT)/Developer/Library/Frameworks",
					"$(inherited)",
					"$(DEVELOPER_FRAMEWORKS_DIR)",
				);
				GCC_PRECOMPILE_PREFIX_HEADER = YES;
				GCC_PREFIX_HEADER = "ClearDay/ClearDay-Prefix.pch";
				GCC_PREPROCESSOR_DEFINITIONS = (
					"DEBUG=1",
					"$(inherited)",
				);
				INFOPLIST_FILE = "ClearDayTests/ClearDayTests-Info.plist";
				PRODUCT_NAME = "$(TARGET_NAME)";
				TEST_HOST = "$(BUNDLE_LOADER)";
				WRAPPER_EXTENSION = xctest;
			};
			name = Debug;
		};
		DB8B018B18D75DE6008205C8 /* Release */ = {
			isa = XCBuildConfiguration;
			buildSettings = {
				BUNDLE_LOADER = "$(BUILT_PRODUCTS_DIR)/ClearDay.app/ClearDay";
				FRAMEWORK_SEARCH_PATHS = (
					"$(SDKROOT)/Developer/Library/Frameworks",
					"$(inherited)",
					"$(DEVELOPER_FRAMEWORKS_DIR)",
				);
				GCC_PRECOMPILE_PREFIX_HEADER = YES;
				GCC_PREFIX_HEADER = "ClearDay/ClearDay-Prefix.pch";
				INFOPLIST_FILE = "ClearDayTests/ClearDayTests-Info.plist";
				PRODUCT_NAME = "$(TARGET_NAME)";
				TEST_HOST = "$(BUNDLE_LOADER)";
				WRAPPER_EXTENSION = xctest;
			};
			name = Release;
		};
/* End XCBuildConfiguration section */

/* Begin XCConfigurationList section */
		DB8B014F18D75DE6008205C8 /* Build configuration list for PBXProject "ClearDay" */ = {
			isa = XCConfigurationList;
			buildConfigurations = (
				DB8B018418D75DE6008205C8 /* Debug */,
				DB8B018518D75DE6008205C8 /* Release */,
			);
			defaultConfigurationIsVisible = 0;
			defaultConfigurationName = Release;
		};
		DB8B018618D75DE6008205C8 /* Build configuration list for PBXNativeTarget "ClearDay" */ = {
			isa = XCConfigurationList;
			buildConfigurations = (
				DB8B018718D75DE6008205C8 /* Debug */,
				DB8B018818D75DE6008205C8 /* Release */,
			);
			defaultConfigurationIsVisible = 0;
			defaultConfigurationName = Release;
		};
		DB8B018918D75DE6008205C8 /* Build configuration list for PBXNativeTarget "ClearDayTests" */ = {
			isa = XCConfigurationList;
			buildConfigurations = (
				DB8B018A18D75DE6008205C8 /* Debug */,
				DB8B018B18D75DE6008205C8 /* Release */,
			);
			defaultConfigurationIsVisible = 0;
			defaultConfigurationName = Release;
		};
/* End XCConfigurationList section */
	};
	rootObject = DB8B014C18D75DE6008205C8 /* Project object */;
}
